// !$*UTF8*$!
{
	archiveVersion = 1;
	classes = {
	};
	objectVersion = 50;
	objects = {

/* Begin PBXBuildFile section */
		229A58772483B91A00C4B5B1 /* AppDelegate.swift in Sources */ = {isa = PBXBuildFile; fileRef = 229A58762483B91A00C4B5B1 /* AppDelegate.swift */; };
		229A58792483B91A00C4B5B1 /* SceneDelegate.swift in Sources */ = {isa = PBXBuildFile; fileRef = 229A58782483B91A00C4B5B1 /* SceneDelegate.swift */; };
		229A587B2483B91A00C4B5B1 /* ViewController.swift in Sources */ = {isa = PBXBuildFile; fileRef = 229A587A2483B91A00C4B5B1 /* ViewController.swift */; };
		229A587E2483B91A00C4B5B1 /* Main.storyboard in Resources */ = {isa = PBXBuildFile; fileRef = 229A587C2483B91A00C4B5B1 /* Main.storyboard */; };
		229A58802483B91E00C4B5B1 /* Assets.xcassets in Resources */ = {isa = PBXBuildFile; fileRef = 229A587F2483B91E00C4B5B1 /* Assets.xcassets */; };
		229A58832483B91E00C4B5B1 /* LaunchScreen.storyboard in Resources */ = {isa = PBXBuildFile; fileRef = 229A58812483B91E00C4B5B1 /* LaunchScreen.storyboard */; };
		229A588E2483B91E00C4B5B1 /* Test4_DZTests.swift in Sources */ = {isa = PBXBuildFile; fileRef = 229A588D2483B91E00C4B5B1 /* Test4_DZTests.swift */; };
		229A58992483BEAC00C4B5B1 /* Validate.swift in Sources */ = {isa = PBXBuildFile; fileRef = 229A58982483BEAC00C4B5B1 /* Validate.swift */; };
/* End PBXBuildFile section */

/* Begin PBXContainerItemProxy section */
		229A588A2483B91E00C4B5B1 /* PBXContainerItemProxy */ = {
			isa = PBXContainerItemProxy;
			containerPortal = 229A586B2483B91A00C4B5B1 /* Project object */;
			proxyType = 1;
			remoteGlobalIDString = 229A58722483B91A00C4B5B1;
			remoteInfo = Test4_DZ;
		};
/* End PBXContainerItemProxy section */

/* Begin PBXFileReference section */
		229A58732483B91A00C4B5B1 /* Test4_DZ.app */ = {isa = PBXFileReference; explicitFileType = wrapper.application; includeInIndex = 0; path = Test4_DZ.app; sourceTree = BUILT_PRODUCTS_DIR; };
		229A58762483B91A00C4B5B1 /* AppDelegate.swift */ = {isa = PBXFileReference; lastKnownFileType = sourcecode.swift; path = AppDelegate.swift; sourceTree = "<group>"; };
		229A58782483B91A00C4B5B1 /* SceneDelegate.swift */ = {isa = PBXFileReference; lastKnownFileType = sourcecode.swift; path = SceneDelegate.swift; sourceTree = "<group>"; };
		229A587A2483B91A00C4B5B1 /* ViewController.swift */ = {isa = PBXFileReference; lastKnownFileType = sourcecode.swift; path = ViewController.swift; sourceTree = "<group>"; };
		229A587D2483B91A00C4B5B1 /* Base */ = {isa = PBXFileReference; lastKnownFileType = file.storyboard; name = Base; path = Base.lproj/Main.storyboard; sourceTree = "<group>"; };
		229A587F2483B91E00C4B5B1 /* Assets.xcassets */ = {isa = PBXFileReference; lastKnownFileType = folder.assetcatalog; path = Assets.xcassets; sourceTree = "<group>"; };
		229A58822483B91E00C4B5B1 /* Base */ = {isa = PBXFileReference; lastKnownFileType = file.storyboard; name = Base; path = Base.lproj/LaunchScreen.storyboard; sourceTree = "<group>"; };
		229A58842483B91E00C4B5B1 /* Info.plist */ = {isa = PBXFileReference; lastKnownFileType = text.plist.xml; path = Info.plist; sourceTree = "<group>"; };
		229A58892483B91E00C4B5B1 /* Test4_DZTests.xctest */ = {isa = PBXFileReference; explicitFileType = wrapper.cfbundle; includeInIndex = 0; path = Test4_DZTests.xctest; sourceTree = BUILT_PRODUCTS_DIR; };
		229A588D2483B91E00C4B5B1 /* Test4_DZTests.swift */ = {isa = PBXFileReference; lastKnownFileType = sourcecode.swift; path = Test4_DZTests.swift; sourceTree = "<group>"; };
		229A588F2483B91E00C4B5B1 /* Info.plist */ = {isa = PBXFileReference; lastKnownFileType = text.plist.xml; path = Info.plist; sourceTree = "<group>"; };
		229A58982483BEAC00C4B5B1 /* Validate.swift */ = {isa = PBXFileReference; lastKnownFileType = sourcecode.swift; path = Validate.swift; sourceTree = "<group>"; };
/* End PBXFileReference section */

/* Begin PBXFrameworksBuildPhase section */
		229A58702483B91A00C4B5B1 /* Frameworks */ = {
			isa = PBXFrameworksBuildPhase;
			buildActionMask = 2147483647;
			files = (
			);
			runOnlyForDeploymentPostprocessing = 0;
		};
		229A58862483B91E00C4B5B1 /* Frameworks */ = {
			isa = PBXFrameworksBuildPhase;
			buildActionMask = 2147483647;
			files = (
			);
			runOnlyForDeploymentPostprocessing = 0;
		};
/* End PBXFrameworksBuildPhase section */

/* Begin PBXGroup section */
		229A586A2483B91A00C4B5B1 = {
			isa = PBXGroup;
			children = (
				229A58752483B91A00C4B5B1 /* Test4_DZ */,
				229A588C2483B91E00C4B5B1 /* Test4_DZTests */,
				229A58742483B91A00C4B5B1 /* Products */,
			);
			sourceTree = "<group>";
		};
		229A58742483B91A00C4B5B1 /* Products */ = {
			isa = PBXGroup;
			children = (
				229A58732483B91A00C4B5B1 /* Test4_DZ.app */,
				229A58892483B91E00C4B5B1 /* Test4_DZTests.xctest */,
			);
			name = Products;
			sourceTree = "<group>";
		};
		229A58752483B91A00C4B5B1 /* Test4_DZ */ = {
			isa = PBXGroup;
			children = (
				229A58762483B91A00C4B5B1 /* AppDelegate.swift */,
				229A58782483B91A00C4B5B1 /* SceneDelegate.swift */,
				229A587A2483B91A00C4B5B1 /* ViewController.swift */,
				229A587C2483B91A00C4B5B1 /* Main.storyboard */,
				229A58982483BEAC00C4B5B1 /* Validate.swift */,
				229A587F2483B91E00C4B5B1 /* Assets.xcassets */,
				229A58812483B91E00C4B5B1 /* LaunchScreen.storyboard */,
				229A58842483B91E00C4B5B1 /* Info.plist */,
			);
			path = Test4_DZ;
			sourceTree = "<group>";
		};
		229A588C2483B91E00C4B5B1 /* Test4_DZTests */ = {
			isa = PBXGroup;
			children = (
				229A588D2483B91E00C4B5B1 /* Test4_DZTests.swift */,
				229A588F2483B91E00C4B5B1 /* Info.plist */,
			);
			path = Test4_DZTests;
			sourceTree = "<group>";
		};
/* End PBXGroup section */

/* Begin PBXNativeTarget section */
		229A58722483B91A00C4B5B1 /* Test4_DZ */ = {
			isa = PBXNativeTarget;
			buildConfigurationList = 229A58922483B91E00C4B5B1 /* Build configuration list for PBXNativeTarget "Test4_DZ" */;
			buildPhases = (
				229A586F2483B91A00C4B5B1 /* Sources */,
				229A58702483B91A00C4B5B1 /* Frameworks */,
				229A58712483B91A00C4B5B1 /* Resources */,
			);
			buildRules = (
			);
			dependencies = (
			);
			name = Test4_DZ;
			productName = Test4_DZ;
			productReference = 229A58732483B91A00C4B5B1 /* Test4_DZ.app */;
			productType = "com.apple.product-type.application";
		};
		229A58882483B91E00C4B5B1 /* Test4_DZTests */ = {
			isa = PBXNativeTarget;
			buildConfigurationList = 229A58952483B91F00C4B5B1 /* Build configuration list for PBXNativeTarget "Test4_DZTests" */;
			buildPhases = (
				229A58852483B91E00C4B5B1 /* Sources */,
				229A58862483B91E00C4B5B1 /* Frameworks */,
				229A58872483B91E00C4B5B1 /* Resources */,
			);
			buildRules = (
			);
			dependencies = (
				229A588B2483B91E00C4B5B1 /* PBXTargetDependency */,
			);
			name = Test4_DZTests;
			productName = Test4_DZTests;
			productReference = 229A58892483B91E00C4B5B1 /* Test4_DZTests.xctest */;
			productType = "com.apple.product-type.bundle.unit-test";
		};
/* End PBXNativeTarget section */

/* Begin PBXProject section */
		229A586B2483B91A00C4B5B1 /* Project object */ = {
			isa = PBXProject;
			attributes = {
				LastSwiftUpdateCheck = 1150;
				LastUpgradeCheck = 1150;
				ORGANIZATIONNAME = "Vladislav Bondarev";
				TargetAttributes = {
					229A58722483B91A00C4B5B1 = {
						CreatedOnToolsVersion = 11.5;
					};
					229A58882483B91E00C4B5B1 = {
						CreatedOnToolsVersion = 11.5;
						TestTargetID = 229A58722483B91A00C4B5B1;
					};
				};
			};
			buildConfigurationList = 229A586E2483B91A00C4B5B1 /* Build configuration list for PBXProject "Test4_DZ" */;
			compatibilityVersion = "Xcode 9.3";
			developmentRegion = en;
			hasScannedForEncodings = 0;
			knownRegions = (
				en,
				Base,
			);
			mainGroup = 229A586A2483B91A00C4B5B1;
			productRefGroup = 229A58742483B91A00C4B5B1 /* Products */;
			projectDirPath = "";
			projectRoot = "";
			targets = (
				229A58722483B91A00C4B5B1 /* Test4_DZ */,
				229A58882483B91E00C4B5B1 /* Test4_DZTests */,
			);
		};
/* End PBXProject section */

/* Begin PBXResourcesBuildPhase section */
		229A58712483B91A00C4B5B1 /* Resources */ = {
			isa = PBXResourcesBuildPhase;
			buildActionMask = 2147483647;
			files = (
				229A58832483B91E00C4B5B1 /* LaunchScreen.storyboard in Resources */,
				229A58802483B91E00C4B5B1 /* Assets.xcassets in Resources */,
				229A587E2483B91A00C4B5B1 /* Main.storyboard in Resources */,
			);
			runOnlyForDeploymentPostprocessing = 0;
		};
		229A58872483B91E00C4B5B1 /* Resources */ = {
			isa = PBXResourcesBuildPhase;
			buildActionMask = 2147483647;
			files = (
			);
			runOnlyForDeploymentPostprocessing = 0;
		};
/* End PBXResourcesBuildPhase section */

/* Begin PBXSourcesBuildPhase section */
		229A586F2483B91A00C4B5B1 /* Sources */ = {
			isa = PBXSourcesBuildPhase;
			buildActionMask = 2147483647;
			files = (
				229A587B2483B91A00C4B5B1 /* ViewController.swift in Sources */,
				229A58772483B91A00C4B5B1 /* AppDelegate.swift in Sources */,
				229A58792483B91A00C4B5B1 /* SceneDelegate.swift in Sources */,
				229A58992483BEAC00C4B5B1 /* Validate.swift in Sources */,
			);
			runOnlyForDeploymentPostprocessing = 0;
		};
		229A58852483B91E00C4B5B1 /* Sources */ = {
			isa = PBXSourcesBuildPhase;
			buildActionMask = 2147483647;
			files = (
				229A588E2483B91E00C4B5B1 /* Test4_DZTests.swift in Sources */,
			);
			runOnlyForDeploymentPostprocessing = 0;
		};
/* End PBXSourcesBuildPhase section */

/* Begin PBXTargetDependency section */
		229A588B2483B91E00C4B5B1 /* PBXTargetDependency */ = {
			isa = PBXTargetDependency;
			target = 229A58722483B91A00C4B5B1 /* Test4_DZ */;
			targetProxy = 229A588A2483B91E00C4B5B1 /* PBXContainerItemProxy */;
		};
/* End PBXTargetDependency section */

/* Begin PBXVariantGroup section */
		229A587C2483B91A00C4B5B1 /* Main.storyboard */ = {
			isa = PBXVariantGroup;
			children = (
				229A587D2483B91A00C4B5B1 /* Base */,
			);
			name = Main.storyboard;
			sourceTree = "<group>";
		};
		229A58812483B91E00C4B5B1 /* LaunchScreen.storyboard */ = {
			isa = PBXVariantGroup;
			children = (
				229A58822483B91E00C4B5B1 /* Base */,
			);
			name = LaunchScreen.storyboard;
			sourceTree = "<group>";
		};
/* End PBXVariantGroup section */

/* Begin XCBuildConfiguration section */
		229A58902483B91E00C4B5B1 /* Debug */ = {
			isa = XCBuildConfiguration;
			buildSettings = {
				ALWAYS_SEARCH_USER_PATHS = NO;
				CLANG_ANALYZER_NONNULL = YES;
				CLANG_ANALYZER_NUMBER_OBJECT_CONVERSION = YES_AGGRESSIVE;
				CLANG_CXX_LANGUAGE_STANDARD = "gnu++14";
				CLANG_CXX_LIBRARY = "libc++";
				CLANG_ENABLE_MODULES = YES;
				CLANG_ENABLE_OBJC_ARC = YES;
				CLANG_ENABLE_OBJC_WEAK = YES;
				CLANG_WARN_BLOCK_CAPTURE_AUTORELEASING = YES;
				CLANG_WARN_BOOL_CONVERSION = YES;
				CLANG_WARN_COMMA = YES;
				CLANG_WARN_CONSTANT_CONVERSION = YES;
				CLANG_WARN_DEPRECATED_OBJC_IMPLEMENTATIONS = YES;
				CLANG_WARN_DIRECT_OBJC_ISA_USAGE = YES_ERROR;
				CLANG_WARN_DOCUMENTATION_COMMENTS = YES;
				CLANG_WARN_EMPTY_BODY = YES;
				CLANG_WARN_ENUM_CONVERSION = YES;
				CLANG_WARN_INFINITE_RECURSION = YES;
				CLANG_WARN_INT_CONVERSION = YES;
				CLANG_WARN_NON_LITERAL_NULL_CONVERSION = YES;
				CLANG_WARN_OBJC_IMPLICIT_RETAIN_SELF = YES;
				CLANG_WARN_OBJC_LITERAL_CONVERSION = YES;
				CLANG_WARN_OBJC_ROOT_CLASS = YES_ERROR;
				CLANG_WARN_RANGE_LOOP_ANALYSIS = YES;
				CLANG_WARN_STRICT_PROTOTYPES = YES;
				CLANG_WARN_SUSPICIOUS_MOVE = YES;
				CLANG_WARN_UNGUARDED_AVAILABILITY = YES_AGGRESSIVE;
				CLANG_WARN_UNREACHABLE_CODE = YES;
				CLANG_WARN__DUPLICATE_METHOD_MATCH = YES;
				COPY_PHASE_STRIP = NO;
				DEBUG_INFORMATION_FORMAT = dwarf;
				ENABLE_STRICT_OBJC_MSGSEND = YES;
				ENABLE_TESTABILITY = YES;
				GCC_C_LANGUAGE_STANDARD = gnu11;
				GCC_DYNAMIC_NO_PIC = NO;
				GCC_NO_COMMON_BLOCKS = YES;
				GCC_OPTIMIZATION_LEVEL = 0;
				GCC_PREPROCESSOR_DEFINITIONS = (
					"DEBUG=1",
					"$(inherited)",
				);
				GCC_WARN_64_TO_32_BIT_CONVERSION = YES;
				GCC_WARN_ABOUT_RETURN_TYPE = YES_ERROR;
				GCC_WARN_UNDECLARED_SELECTOR = YES;
				GCC_WARN_UNINITIALIZED_AUTOS = YES_AGGRESSIVE;
				GCC_WARN_UNUSED_FUNCTION = YES;
				GCC_WARN_UNUSED_VARIABLE = YES;
				IPHONEOS_DEPLOYMENT_TARGET = 13.5;
				MTL_ENABLE_DEBUG_INFO = INCLUDE_SOURCE;
				MTL_FAST_MATH = YES;
				ONLY_ACTIVE_ARCH = YES;
				SDKROOT = iphoneos;
				SWIFT_ACTIVE_COMPILATION_CONDITIONS = DEBUG;
				SWIFT_OPTIMIZATION_LEVEL = "-Onone";
			};
			name = Debug;
		};
		229A58912483B91E00C4B5B1 /* Release */ = {
			isa = XCBuildConfiguration;
			buildSettings = {
				ALWAYS_SEARCH_USER_PATHS = NO;
				CLANG_ANALYZER_NONNULL = YES;
				CLANG_ANALYZER_NUMBER_OBJECT_CONVERSION = YES_AGGRESSIVE;
				CLANG_CXX_LANGUAGE_STANDARD = "gnu++14";
				CLANG_CXX_LIBRARY = "libc++";
				CLANG_ENABLE_MODULES = YES;
				CLANG_ENABLE_OBJC_ARC = YES;
				CLANG_ENABLE_OBJC_WEAK = YES;
				CLANG_WARN_BLOCK_CAPTURE_AUTORELEASING = YES;
				CLANG_WARN_BOOL_CONVERSION = YES;
				CLANG_WARN_COMMA = YES;
				CLANG_WARN_CONSTANT_CONVERSION = YES;
				CLANG_WARN_DEPRECATED_OBJC_IMPLEMENTATIONS = YES;
				CLANG_WARN_DIRECT_OBJC_ISA_USAGE = YES_ERROR;
				CLANG_WARN_DOCUMENTATION_COMMENTS = YES;
				CLANG_WARN_EMPTY_BODY = YES;
				CLANG_WARN_ENUM_CONVERSION = YES;
				CLANG_WARN_INFINITE_RECURSION = YES;
				CLANG_WARN_INT_CONVERSION = YES;
				CLANG_WARN_NON_LITERAL_NULL_CONVERSION = YES;
				CLANG_WARN_OBJC_IMPLICIT_RETAIN_SELF = YES;
				CLANG_WARN_OBJC_LITERAL_CONVERSION = YES;
				CLANG_WARN_OBJC_ROOT_CLASS = YES_ERROR;
				CLANG_WARN_RANGE_LOOP_ANALYSIS = YES;
				CLANG_WARN_STRICT_PROTOTYPES = YES;
				CLANG_WARN_SUSPICIOUS_MOVE = YES;
				CLANG_WARN_UNGUARDED_AVAILABILITY = YES_AGGRESSIVE;
				CLANG_WARN_UNREACHABLE_CODE = YES;
				CLANG_WARN__DUPLICATE_METHOD_MATCH = YES;
				COPY_PHASE_STRIP = NO;
				DEBUG_INFORMATION_FORMAT = "dwarf-with-dsym";
				ENABLE_NS_ASSERTIONS = NO;
				ENABLE_STRICT_OBJC_MSGSEND = YES;
				GCC_C_LANGUAGE_STANDARD = gnu11;
				GCC_NO_COMMON_BLOCKS = YES;
				GCC_WARN_64_TO_32_BIT_CONVERSION = YES;
				GCC_WARN_ABOUT_RETURN_TYPE = YES_ERROR;
				GCC_WARN_UNDECLARED_SELECTOR = YES;
				GCC_WARN_UNINITIALIZED_AUTOS = YES_AGGRESSIVE;
				GCC_WARN_UNUSED_FUNCTION = YES;
				GCC_WARN_UNUSED_VARIABLE = YES;
				IPHONEOS_DEPLOYMENT_TARGET = 13.5;
				MTL_ENABLE_DEBUG_INFO = NO;
				MTL_FAST_MATH = YES;
				SDKROOT = iphoneos;
				SWIFT_COMPILATION_MODE = wholemodule;
				SWIFT_OPTIMIZATION_LEVEL = "-O";
				VALIDATE_PRODUCT = YES;
			};
			name = Release;
		};
		229A58932483B91E00C4B5B1 /* Debug */ = {
			isa = XCBuildConfiguration;
			buildSettings = {
				ASSETCATALOG_COMPILER_APPICON_NAME = AppIcon;
				CODE_SIGN_STYLE = Automatic;
				DEVELOPMENT_TEAM = 494K398CRH;
				INFOPLIST_FILE = Test4_DZ/Info.plist;
				LD_RUNPATH_SEARCH_PATHS = (
					"$(inherited)",
					"@executable_path/Frameworks",
				);
				PRODUCT_BUNDLE_IDENTIFIER = "My.Test4-DZ";
				PRODUCT_NAME = "$(TARGET_NAME)";
				SWIFT_VERSION = 5.0;
				TARGETED_DEVICE_FAMILY = 1;
			};
			name = Debug;
		};
		229A58942483B91E00C4B5B1 /* Release */ = {
			isa = XCBuildConfiguration;
			buildSettings = {
				ASSETCATALOG_COMPILER_APPICON_NAME = AppIcon;
				CODE_SIGN_STYLE = Automatic;
				DEVELOPMENT_TEAM = 494K398CRH;
				INFOPLIST_FILE = Test4_DZ/Info.plist;
				LD_RUNPATH_SEARCH_PATHS = (
					"$(inherited)",
					"@executable_path/Frameworks",
				);
				PRODUCT_BUNDLE_IDENTIFIER = "My.Test4-DZ";
				PRODUCT_NAME = "$(TARGET_NAME)";
				SWIFT_VERSION = 5.0;
				TARGETED_DEVICE_FAMILY = 1;
			};
			name = Release;
		};
		229A58962483B91F00C4B5B1 /* Debug */ = {
			isa = XCBuildConfiguration;
			buildSettings = {
				ALWAYS_EMBED_SWIFT_STANDARD_LIBRARIES = YES;
				BUNDLE_LOADER = "$(TEST_HOST)";
				CODE_SIGN_STYLE = Automatic;
				DEVELOPMENT_TEAM = 494K398CRH;
				INFOPLIST_FILE = Test4_DZTests/Info.plist;
				IPHONEOS_DEPLOYMENT_TARGET = 13.5;
				LD_RUNPATH_SEARCH_PATHS = (
					"$(inherited)",
					"@executable_path/Frameworks",
					"@loader_path/Frameworks",
				);
				PRODUCT_BUNDLE_IDENTIFIER = "My.Test4-DZTests";
				PRODUCT_NAME = "$(TARGET_NAME)";
				SWIFT_VERSION = 5.0;
				TARGETED_DEVICE_FAMILY = "1,2";
				TEST_HOST = "$(BUILT_PRODUCTS_DIR)/Test4_DZ.app/Test4_DZ";
			};
			name = Debug;
		};
		229A58972483B91F00C4B5B1 /* Release */ = {
			isa = XCBuildConfiguration;
			buildSettings = {
				ALWAYS_EMBED_SWIFT_STANDARD_LIBRARIES = YES;
				BUNDLE_LOADER = "$(TEST_HOST)";
				CODE_SIGN_STYLE = Automatic;
				DEVELOPMENT_TEAM = 494K398CRH;
				INFOPLIST_FILE = Test4_DZTests/Info.plist;
				IPHONEOS_DEPLOYMENT_TARGET = 13.5;
				LD_RUNPATH_SEARCH_PATHS = (
					"$(inherited)",
					"@executable_path/Frameworks",
					"@loader_path/Frameworks",
				);
				PRODUCT_BUNDLE_IDENTIFIER = "My.Test4-DZTests";
				PRODUCT_NAME = "$(TARGET_NAME)";
				SWIFT_VERSION = 5.0;
				TARGETED_DEVICE_FAMILY = "1,2";
				TEST_HOST = "$(BUILT_PRODUCTS_DIR)/Test4_DZ.app/Test4_DZ";
			};
			name = Release;
		};
/* End XCBuildConfiguration section */

/* Begin XCConfigurationList section */
		229A586E2483B91A00C4B5B1 /* Build configuration list for PBXProject "Test4_DZ" */ = {
			isa = XCConfigurationList;
			buildConfigurations = (
				229A58902483B91E00C4B5B1 /* Debug */,
				229A58912483B91E00C4B5B1 /* Release */,
			);
			defaultConfigurationIsVisible = 0;
			defaultConfigurationName = Release;
		};
		229A58922483B91E00C4B5B1 /* Build configuration list for PBXNativeTarget "Test4_DZ" */ = {
			isa = XCConfigurationList;
			buildConfigurations = (
				229A58932483B91E00C4B5B1 /* Debug */,
				229A58942483B91E00C4B5B1 /* Release */,
			);
			defaultConfigurationIsVisible = 0;
			defaultConfigurationName = Release;
		};
		229A58952483B91F00C4B5B1 /* Build configuration list for PBXNativeTarget "Test4_DZTests" */ = {
			isa = XCConfigurationList;
			buildConfigurations = (
				229A58962483B91F00C4B5B1 /* Debug */,
				229A58972483B91F00C4B5B1 /* Release */,
			);
			defaultConfigurationIsVisible = 0;
			defaultConfigurationName = Release;
		};
/* End XCConfigurationList section */
	};
	rootObject = 229A586B2483B91A00C4B5B1 /* Project object */;
}
