// !$*UTF8*$!
{
	archiveVersion = 1;
	classes = {
	};
	objectVersion = 50;
	objects = {

/* Begin PBXBuildFile section */
		229A5821247FE2FB00C4B5B1 /* AppDelegate.swift in Sources */ = {isa = PBXBuildFile; fileRef = 229A5820247FE2FB00C4B5B1 /* AppDelegate.swift */; };
		229A5823247FE2FB00C4B5B1 /* SceneDelegate.swift in Sources */ = {isa = PBXBuildFile; fileRef = 229A5822247FE2FB00C4B5B1 /* SceneDelegate.swift */; };
		229A5825247FE2FB00C4B5B1 /* ViewController.swift in Sources */ = {isa = PBXBuildFile; fileRef = 229A5824247FE2FB00C4B5B1 /* ViewController.swift */; };
		229A5828247FE2FB00C4B5B1 /* Main.storyboard in Resources */ = {isa = PBXBuildFile; fileRef = 229A5826247FE2FB00C4B5B1 /* Main.storyboard */; };
		229A582A247FE30300C4B5B1 /* Assets.xcassets in Resources */ = {isa = PBXBuildFile; fileRef = 229A5829247FE30300C4B5B1 /* Assets.xcassets */; };
		229A582D247FE30300C4B5B1 /* LaunchScreen.storyboard in Resources */ = {isa = PBXBuildFile; fileRef = 229A582B247FE30300C4B5B1 /* LaunchScreen.storyboard */; };
		229A5835248000B600C4B5B1 /* TableViewCell.swift in Sources */ = {isa = PBXBuildFile; fileRef = 229A5834248000B600C4B5B1 /* TableViewCell.swift */; };
		229A5837248009B700C4B5B1 /* ServerService.swift in Sources */ = {isa = PBXBuildFile; fileRef = 229A5836248009B700C4B5B1 /* ServerService.swift */; };
/* End PBXBuildFile section */

/* Begin PBXFileReference section */
		229A581D247FE2FB00C4B5B1 /* Test1_DZ.app */ = {isa = PBXFileReference; explicitFileType = wrapper.application; includeInIndex = 0; path = Test1_DZ.app; sourceTree = BUILT_PRODUCTS_DIR; };
		229A5820247FE2FB00C4B5B1 /* AppDelegate.swift */ = {isa = PBXFileReference; lastKnownFileType = sourcecode.swift; path = AppDelegate.swift; sourceTree = "<group>"; };
		229A5822247FE2FB00C4B5B1 /* SceneDelegate.swift */ = {isa = PBXFileReference; lastKnownFileType = sourcecode.swift; path = SceneDelegate.swift; sourceTree = "<group>"; };
		229A5824247FE2FB00C4B5B1 /* ViewController.swift */ = {isa = PBXFileReference; lastKnownFileType = sourcecode.swift; path = ViewController.swift; sourceTree = "<group>"; };
		229A5827247FE2FB00C4B5B1 /* Base */ = {isa = PBXFileReference; lastKnownFileType = file.storyboard; name = Base; path = Base.lproj/Main.storyboard; sourceTree = "<group>"; };
		229A5829247FE30300C4B5B1 /* Assets.xcassets */ = {isa = PBXFileReference; lastKnownFileType = folder.assetcatalog; path = Assets.xcassets; sourceTree = "<group>"; };
		229A582C247FE30300C4B5B1 /* Base */ = {isa = PBXFileReference; lastKnownFileType = file.storyboard; name = Base; path = Base.lproj/LaunchScreen.storyboard; sourceTree = "<group>"; };
		229A582E247FE30300C4B5B1 /* Info.plist */ = {isa = PBXFileReference; lastKnownFileType = text.plist.xml; path = Info.plist; sourceTree = "<group>"; };
		229A5834248000B600C4B5B1 /* TableViewCell.swift */ = {isa = PBXFileReference; lastKnownFileType = sourcecode.swift; path = TableViewCell.swift; sourceTree = "<group>"; };
		229A5836248009B700C4B5B1 /* ServerService.swift */ = {isa = PBXFileReference; lastKnownFileType = sourcecode.swift; path = ServerService.swift; sourceTree = "<group>"; };
/* End PBXFileReference section */

/* Begin PBXFrameworksBuildPhase section */
		229A581A247FE2FB00C4B5B1 /* Frameworks */ = {
			isa = PBXFrameworksBuildPhase;
			buildActionMask = 2147483647;
			files = (
			);
			runOnlyForDeploymentPostprocessing = 0;
		};
/* End PBXFrameworksBuildPhase section */

/* Begin PBXGroup section */
		229A5814247FE2FB00C4B5B1 = {
			isa = PBXGroup;
			children = (
				229A581F247FE2FB00C4B5B1 /* Test1_DZ */,
				229A581E247FE2FB00C4B5B1 /* Products */,
			);
			sourceTree = "<group>";
		};
		229A581E247FE2FB00C4B5B1 /* Products */ = {
			isa = PBXGroup;
			children = (
				229A581D247FE2FB00C4B5B1 /* Test1_DZ.app */,
			);
			name = Products;
			sourceTree = "<group>";
		};
		229A581F247FE2FB00C4B5B1 /* Test1_DZ */ = {
			isa = PBXGroup;
			children = (
				229A5820247FE2FB00C4B5B1 /* AppDelegate.swift */,
				229A5822247FE2FB00C4B5B1 /* SceneDelegate.swift */,
				229A5824247FE2FB00C4B5B1 /* ViewController.swift */,
				229A5836248009B700C4B5B1 /* ServerService.swift */,
				229A5826247FE2FB00C4B5B1 /* Main.storyboard */,
				229A5834248000B600C4B5B1 /* TableViewCell.swift */,
				229A5829247FE30300C4B5B1 /* Assets.xcassets */,
				229A582B247FE30300C4B5B1 /* LaunchScreen.storyboard */,
				229A582E247FE30300C4B5B1 /* Info.plist */,
			);
			path = Test1_DZ;
			sourceTree = "<group>";
		};
/* End PBXGroup section */

/* Begin PBXNativeTarget section */
		229A581C247FE2FB00C4B5B1 /* Test1_DZ */ = {
			isa = PBXNativeTarget;
			buildConfigurationList = 229A5831247FE30300C4B5B1 /* Build configuration list for PBXNativeTarget "Test1_DZ" */;
			buildPhases = (
				229A5819247FE2FB00C4B5B1 /* Sources */,
				229A581A247FE2FB00C4B5B1 /* Frameworks */,
				229A581B247FE2FB00C4B5B1 /* Resources */,
			);
			buildRules = (
			);
			dependencies = (
			);
			name = Test1_DZ;
			productName = Test1_DZ;
			productReference = 229A581D247FE2FB00C4B5B1 /* Test1_DZ.app */;
			productType = "com.apple.product-type.application";
		};
/* End PBXNativeTarget section */

/* Begin PBXProject section */
		229A5815247FE2FB00C4B5B1 /* Project object */ = {
			isa = PBXProject;
			attributes = {
				LastSwiftUpdateCheck = 1150;
				LastUpgradeCheck = 1150;
				ORGANIZATIONNAME = "Vladislav Bondarev";
				TargetAttributes = {
					229A581C247FE2FB00C4B5B1 = {
						CreatedOnToolsVersion = 11.5;
					};
				};
			};
			buildConfigurationList = 229A5818247FE2FB00C4B5B1 /* Build configuration list for PBXProject "Test1_DZ" */;
			compatibilityVersion = "Xcode 9.3";
			developmentRegion = en;
			hasScannedForEncodings = 0;
			knownRegions = (
				en,
				Base,
			);
			mainGroup = 229A5814247FE2FB00C4B5B1;
			productRefGroup = 229A581E247FE2FB00C4B5B1 /* Products */;
			projectDirPath = "";
			projectRoot = "";
			targets = (
				229A581C247FE2FB00C4B5B1 /* Test1_DZ */,
			);
		};
/* End PBXProject section */

/* Begin PBXResourcesBuildPhase section */
		229A581B247FE2FB00C4B5B1 /* Resources */ = {
			isa = PBXResourcesBuildPhase;
			buildActionMask = 2147483647;
			files = (
				229A582D247FE30300C4B5B1 /* LaunchScreen.storyboard in Resources */,
				229A582A247FE30300C4B5B1 /* Assets.xcassets in Resources */,
				229A5828247FE2FB00C4B5B1 /* Main.storyboard in Resources */,
			);
			runOnlyForDeploymentPostprocessing = 0;
		};
/* End PBXResourcesBuildPhase section */

/* Begin PBXSourcesBuildPhase section */
		229A5819247FE2FB00C4B5B1 /* Sources */ = {
			isa = PBXSourcesBuildPhase;
			buildActionMask = 2147483647;
			files = (
				229A5825247FE2FB00C4B5B1 /* ViewController.swift in Sources */,
				229A5837248009B700C4B5B1 /* ServerService.swift in Sources */,
				229A5835248000B600C4B5B1 /* TableViewCell.swift in Sources */,
				229A5821247FE2FB00C4B5B1 /* AppDelegate.swift in Sources */,
				229A5823247FE2FB00C4B5B1 /* SceneDelegate.swift in Sources */,
			);
			runOnlyForDeploymentPostprocessing = 0;
		};
/* End PBXSourcesBuildPhase section */

/* Begin PBXVariantGroup section */
		229A5826247FE2FB00C4B5B1 /* Main.storyboard */ = {
			isa = PBXVariantGroup;
			children = (
				229A5827247FE2FB00C4B5B1 /* Base */,
			);
			name = Main.storyboard;
			sourceTree = "<group>";
		};
		229A582B247FE30300C4B5B1 /* LaunchScreen.storyboard */ = {
			isa = PBXVariantGroup;
			children = (
				229A582C247FE30300C4B5B1 /* Base */,
			);
			name = LaunchScreen.storyboard;
			sourceTree = "<group>";
		};
/* End PBXVariantGroup section */

/* Begin XCBuildConfiguration section */
		229A582F247FE30300C4B5B1 /* Debug */ = {
			isa = XCBuildConfiguration;
			buildSettings = {
				ALWAYS_SEARCH_USER_PATHS = NO;
				CLANG_ANALYZER_NONNULL = YES;
				CLANG_ANALYZER_NUMBER_OBJECT_CONVERSION = YES_AGGRESSIVE;
				CLANG_CXX_LANGUAGE_STANDARD = "gnu++14";
				CLANG_CXX_LIBRARY = "libc++";
				CLANG_ENABLE_MODULES = YES;
				CLANG_ENABLE_OBJC_ARC = YES;
				CLANG_ENABLE_OBJC_WEAK = YES;
				CLANG_WARN_BLOCK_CAPTURE_AUTORELEASING = YES;
				CLANG_WARN_BOOL_CONVERSION = YES;
				CLANG_WARN_COMMA = YES;
				CLANG_WARN_CONSTANT_CONVERSION = YES;
				CLANG_WARN_DEPRECATED_OBJC_IMPLEMENTATIONS = YES;
				CLANG_WARN_DIRECT_OBJC_ISA_USAGE = YES_ERROR;
				CLANG_WARN_DOCUMENTATION_COMMENTS = YES;
				CLANG_WARN_EMPTY_BODY = YES;
				CLANG_WARN_ENUM_CONVERSION = YES;
				CLANG_WARN_INFINITE_RECURSION = YES;
				CLANG_WARN_INT_CONVERSION = YES;
				CLANG_WARN_NON_LITERAL_NULL_CONVERSION = YES;
				CLANG_WARN_OBJC_IMPLICIT_RETAIN_SELF = YES;
				CLANG_WARN_OBJC_LITERAL_CONVERSION = YES;
				CLANG_WARN_OBJC_ROOT_CLASS = YES_ERROR;
				CLANG_WARN_RANGE_LOOP_ANALYSIS = YES;
				CLANG_WARN_STRICT_PROTOTYPES = YES;
				CLANG_WARN_SUSPICIOUS_MOVE = YES;
				CLANG_WARN_UNGUARDED_AVAILABILITY = YES_AGGRESSIVE;
				CLANG_WARN_UNREACHABLE_CODE = YES;
				CLANG_WARN__DUPLICATE_METHOD_MATCH = YES;
				COPY_PHASE_STRIP = NO;
				DEBUG_INFORMATION_FORMAT = dwarf;
				ENABLE_STRICT_OBJC_MSGSEND = YES;
				ENABLE_TESTABILITY = YES;
				GCC_C_LANGUAGE_STANDARD = gnu11;
				GCC_DYNAMIC_NO_PIC = NO;
				GCC_NO_COMMON_BLOCKS = YES;
				GCC_OPTIMIZATION_LEVEL = 0;
				GCC_PREPROCESSOR_DEFINITIONS = (
					"DEBUG=1",
					"$(inherited)",
				);
				GCC_WARN_64_TO_32_BIT_CONVERSION = YES;
				GCC_WARN_ABOUT_RETURN_TYPE = YES_ERROR;
				GCC_WARN_UNDECLARED_SELECTOR = YES;
				GCC_WARN_UNINITIALIZED_AUTOS = YES_AGGRESSIVE;
				GCC_WARN_UNUSED_FUNCTION = YES;
				GCC_WARN_UNUSED_VARIABLE = YES;
				IPHONEOS_DEPLOYMENT_TARGET = 13.5;
				MTL_ENABLE_DEBUG_INFO = INCLUDE_SOURCE;
				MTL_FAST_MATH = YES;
				ONLY_ACTIVE_ARCH = YES;
				SDKROOT = iphoneos;
				SWIFT_ACTIVE_COMPILATION_CONDITIONS = DEBUG;
				SWIFT_OPTIMIZATION_LEVEL = "-Onone";
			};
			name = Debug;
		};
		229A5830247FE30300C4B5B1 /* Release */ = {
			isa = XCBuildConfiguration;
			buildSettings = {
				ALWAYS_SEARCH_USER_PATHS = NO;
				CLANG_ANALYZER_NONNULL = YES;
				CLANG_ANALYZER_NUMBER_OBJECT_CONVERSION = YES_AGGRESSIVE;
				CLANG_CXX_LANGUAGE_STANDARD = "gnu++14";
				CLANG_CXX_LIBRARY = "libc++";
				CLANG_ENABLE_MODULES = YES;
				CLANG_ENABLE_OBJC_ARC = YES;
				CLANG_ENABLE_OBJC_WEAK = YES;
				CLANG_WARN_BLOCK_CAPTURE_AUTORELEASING = YES;
				CLANG_WARN_BOOL_CONVERSION = YES;
				CLANG_WARN_COMMA = YES;
				CLANG_WARN_CONSTANT_CONVERSION = YES;
				CLANG_WARN_DEPRECATED_OBJC_IMPLEMENTATIONS = YES;
				CLANG_WARN_DIRECT_OBJC_ISA_USAGE = YES_ERROR;
				CLANG_WARN_DOCUMENTATION_COMMENTS = YES;
				CLANG_WARN_EMPTY_BODY = YES;
				CLANG_WARN_ENUM_CONVERSION = YES;
				CLANG_WARN_INFINITE_RECURSION = YES;
				CLANG_WARN_INT_CONVERSION = YES;
				CLANG_WARN_NON_LITERAL_NULL_CONVERSION = YES;
				CLANG_WARN_OBJC_IMPLICIT_RETAIN_SELF = YES;
				CLANG_WARN_OBJC_LITERAL_CONVERSION = YES;
				CLANG_WARN_OBJC_ROOT_CLASS = YES_ERROR;
				CLANG_WARN_RANGE_LOOP_ANALYSIS = YES;
				CLANG_WARN_STRICT_PROTOTYPES = YES;
				CLANG_WARN_SUSPICIOUS_MOVE = YES;
				CLANG_WARN_UNGUARDED_AVAILABILITY = YES_AGGRESSIVE;
				CLANG_WARN_UNREACHABLE_CODE = YES;
				CLANG_WARN__DUPLICATE_METHOD_MATCH = YES;
				COPY_PHASE_STRIP = NO;
				DEBUG_INFORMATION_FORMAT = "dwarf-with-dsym";
				ENABLE_NS_ASSERTIONS = NO;
				ENABLE_STRICT_OBJC_MSGSEND = YES;
				GCC_C_LANGUAGE_STANDARD = gnu11;
				GCC_NO_COMMON_BLOCKS = YES;
				GCC_WARN_64_TO_32_BIT_CONVERSION = YES;
				GCC_WARN_ABOUT_RETURN_TYPE = YES_ERROR;
				GCC_WARN_UNDECLARED_SELECTOR = YES;
				GCC_WARN_UNINITIALIZED_AUTOS = YES_AGGRESSIVE;
				GCC_WARN_UNUSED_FUNCTION = YES;
				GCC_WARN_UNUSED_VARIABLE = YES;
				IPHONEOS_DEPLOYMENT_TARGET = 13.5;
				MTL_ENABLE_DEBUG_INFO = NO;
				MTL_FAST_MATH = YES;
				SDKROOT = iphoneos;
				SWIFT_COMPILATION_MODE = wholemodule;
				SWIFT_OPTIMIZATION_LEVEL = "-O";
				VALIDATE_PRODUCT = YES;
			};
			name = Release;
		};
		229A5832247FE30300C4B5B1 /* Debug */ = {
			isa = XCBuildConfiguration;
			buildSettings = {
				ASSETCATALOG_COMPILER_APPICON_NAME = AppIcon;
				CODE_SIGN_STYLE = Automatic;
				DEVELOPMENT_TEAM = 494K398CRH;
				INFOPLIST_FILE = Test1_DZ/Info.plist;
				LD_RUNPATH_SEARCH_PATHS = (
					"$(inherited)",
					"@executable_path/Frameworks",
				);
				PRODUCT_BUNDLE_IDENTIFIER = "My.Test1-DZ";
				PRODUCT_NAME = "$(TARGET_NAME)";
				SWIFT_VERSION = 5.0;
				TARGETED_DEVICE_FAMILY = "1,2";
			};
			name = Debug;
		};
		229A5833247FE30300C4B5B1 /* Release */ = {
			isa = XCBuildConfiguration;
			buildSettings = {
				ASSETCATALOG_COMPILER_APPICON_NAME = AppIcon;
				CODE_SIGN_STYLE = Automatic;
				DEVELOPMENT_TEAM = 494K398CRH;
				INFOPLIST_FILE = Test1_DZ/Info.plist;
				LD_RUNPATH_SEARCH_PATHS = (
					"$(inherited)",
					"@executable_path/Frameworks",
				);
				PRODUCT_BUNDLE_IDENTIFIER = "My.Test1-DZ";
				PRODUCT_NAME = "$(TARGET_NAME)";
				SWIFT_VERSION = 5.0;
				TARGETED_DEVICE_FAMILY = "1,2";
			};
			name = Release;
		};
/* End XCBuildConfiguration section */

/* Begin XCConfigurationList section */
		229A5818247FE2FB00C4B5B1 /* Build configuration list for PBXProject "Test1_DZ" */ = {
			isa = XCConfigurationList;
			buildConfigurations = (
				229A582F247FE30300C4B5B1 /* Debug */,
				229A5830247FE30300C4B5B1 /* Release */,
			);
			defaultConfigurationIsVisible = 0;
			defaultConfigurationName = Release;
		};
		229A5831247FE30300C4B5B1 /* Build configuration list for PBXNativeTarget "Test1_DZ" */ = {
			isa = XCConfigurationList;
			buildConfigurations = (
				229A5832247FE30300C4B5B1 /* Debug */,
				229A5833247FE30300C4B5B1 /* Release */,
			);
			defaultConfigurationIsVisible = 0;
			defaultConfigurationName = Release;
		};
/* End XCConfigurationList section */
	};
	rootObject = 229A5815247FE2FB00C4B5B1 /* Project object */;
}
